
Microsoft Visual Studio Solution File, Format Version 12.00
# Visual Studio 14
VisualStudioVersion = 14.0.25420.1
MinimumVisualStudioVersion = 10.0.40219.1
Project("{FAE04EC0-301F-11D3-BF4B-00C04F79EFBC}") = "NServiceBus.WormHole", "NServiceBus.WormHole\NServiceBus.WormHole.csproj", "{86D000A5-F7B3-490F-9023-AF48290CF26C}"
EndProject
Project("{FAE04EC0-301F-11D3-BF4B-00C04F79EFBC}") = "NServiceBus.WormHole.Gateway", "NServiceBus.WormHole.Gateway\NServiceBus.WormHole.Gateway.csproj", "{F9BCCC2D-4F86-4C1D-90DF-3BA29F026A36}"
EndProject
Project("{FAE04EC0-301F-11D3-BF4B-00C04F79EFBC}") = "Demo", "Demo\Demo.csproj", "{1D9FCE33-EAFE-4819-BF4E-81FB136D2637}"
EndProject
Project("{FAE04EC0-301F-11D3-BF4B-00C04F79EFBC}") = "NServiceBus.WormHole.Tests", "NServiceBus.WormHole.Tests\NServiceBus.WormHole.Tests.csproj", "{CD82D895-A3ED-4D30-BDAD-D25C80E03399}"
EndProject
Project("{FAE04EC0-301F-11D3-BF4B-00C04F79EFBC}") = "NServiceBus.Transports.Http", "NServiceBus.Transports.Http\NServiceBus.Transports.Http.csproj", "{EA028D3A-A64C-4214-995F-48C075E02B4A}"
EndProject
Project("{FAE04EC0-301F-11D3-BF4B-00C04F79EFBC}") = "NServiceBus.Transports.Http.AcceptanceTests", "NServiceBus.Transports.Http.AcceptanceTests\NServiceBus.Transports.Http.AcceptanceTests.csproj", "{F439AE07-DB86-4AD5-90C2-916314659097}"
EndProject
Global
	GlobalSection(SolutionConfigurationPlatforms) = preSolution
		Debug|Any CPU = Debug|Any CPU
		Release|Any CPU = Release|Any CPU
	EndGlobalSection
	GlobalSection(ProjectConfigurationPlatforms) = postSolution
		{86D000A5-F7B3-490F-9023-AF48290CF26C}.Debug|Any CPU.ActiveCfg = Debug|Any CPU
		{86D000A5-F7B3-490F-9023-AF48290CF26C}.Debug|Any CPU.Build.0 = Debug|Any CPU
		{86D000A5-F7B3-490F-9023-AF48290CF26C}.Release|Any CPU.ActiveCfg = Release|Any CPU
		{86D000A5-F7B3-490F-9023-AF48290CF26C}.Release|Any CPU.Build.0 = Release|Any CPU
		{F9BCCC2D-4F86-4C1D-90DF-3BA29F026A36}.Debug|Any CPU.ActiveCfg = Debug|Any CPU
		{F9BCCC2D-4F86-4C1D-90DF-3BA29F026A36}.Debug|Any CPU.Build.0 = Debug|Any CPU
		{F9BCCC2D-4F86-4C1D-90DF-3BA29F026A36}.Release|Any CPU.ActiveCfg = Release|Any CPU
		{F9BCCC2D-4F86-4C1D-90DF-3BA29F026A36}.Release|Any CPU.Build.0 = Release|Any CPU
		{1D9FCE33-EAFE-4819-BF4E-81FB136D2637}.Debug|Any CPU.ActiveCfg = Debug|Any CPU
		{1D9FCE33-EAFE-4819-BF4E-81FB136D2637}.Debug|Any CPU.Build.0 = Debug|Any CPU
		{1D9FCE33-EAFE-4819-BF4E-81FB136D2637}.Release|Any CPU.ActiveCfg = Release|Any CPU
		{1D9FCE33-EAFE-4819-BF4E-81FB136D2637}.Release|Any CPU.Build.0 = Release|Any CPU
		{CD82D895-A3ED-4D30-BDAD-D25C80E03399}.Debug|Any CPU.ActiveCfg = Debug|Any CPU
		{CD82D895-A3ED-4D30-BDAD-D25C80E03399}.Debug|Any CPU.Build.0 = Debug|Any CPU
		{CD82D895-A3ED-4D30-BDAD-D25C80E03399}.Release|Any CPU.ActiveCfg = Release|Any CPU
		{CD82D895-A3ED-4D30-BDAD-D25C80E03399}.Release|Any CPU.Build.0 = Release|Any CPU
		{EA028D3A-A64C-4214-995F-48C075E02B4A}.Debug|Any CPU.ActiveCfg = Debug|Any CPU
		{EA028D3A-A64C-4214-995F-48C075E02B4A}.Debug|Any CPU.Build.0 = Debug|Any CPU
		{EA028D3A-A64C-4214-995F-48C075E02B4A}.Release|Any CPU.ActiveCfg = Release|Any CPU
		{EA028D3A-A64C-4214-995F-48C075E02B4A}.Release|Any CPU.Build.0 = Release|Any CPU
		{F439AE07-DB86-4AD5-90C2-916314659097}.Debug|Any CPU.ActiveCfg = Debug|Any CPU
		{F439AE07-DB86-4AD5-90C2-916314659097}.Debug|Any CPU.Build.0 = Debug|Any CPU
		{F439AE07-DB86-4AD5-90C2-916314659097}.Release|Any CPU.ActiveCfg = Release|Any CPU
		{F439AE07-DB86-4AD5-90C2-916314659097}.Release|Any CPU.Build.0 = Release|Any CPU
	EndGlobalSection
	GlobalSection(SolutionProperties) = preSolution
		HideSolutionNode = FALSE
	EndGlobalSection
EndGlobal
